
Microsoft Visual Studio Solution File, Format Version 12.00
# Visual Studio Version 17
VisualStudioVersion = 17.6.33712.159
MinimumVisualStudioVersion = 10.0.40219.1
Project("{FAE04EC0-301F-11D3-BF4B-00C04F79EFBC}") = "BundingPageDiana", "BundingPageDiana.csproj", "{038242FA-6513-4875-979F-501DB9B9DFD6}"
EndProject
Global
	GlobalSection(SolutionConfigurationPlatforms) = preSolution
		Debug|Any CPU = Debug|Any CPU
		Release|Any CPU = Release|Any CPU
	EndGlobalSection
	GlobalSection(ProjectConfigurationPlatforms) = postSolution
		{038242FA-6513-4875-979F-501DB9B9DFD6}.Debug|Any CPU.ActiveCfg = Debug|Any CPU
		{038242FA-6513-4875-979F-501DB9B9DFD6}.Debug|Any CPU.Build.0 = Debug|Any CPU
		{038242FA-6513-4875-979F-501DB9B9DFD6}.Release|Any CPU.ActiveCfg = Release|Any CPU
		{038242FA-6513-4875-979F-501DB9B9DFD6}.Release|Any CPU.Build.0 = Release|Any CPU
	EndGlobalSection
	GlobalSection(SolutionProperties) = preSolution
		HideSolutionNode = FALSE
	EndGlobalSection
	GlobalSection(ExtensibilityGlobals) = postSolution
		SolutionGuid = {385D809B-DEE1-4305-A141-358B6CB11895}
	EndGlobalSection
EndGlobal
